
Microsoft Visual Studio Solution File, Format Version 12.00
# Visual Studio Version 17
VisualStudioVersion = 17.8.34330.188
MinimumVisualStudioVersion = 10.0.40219.1
Project("{FAE04EC0-301F-11D3-BF4B-00C04F79EFBC}") = "ExamenOpdracht", "ExamenOpdracht.csproj", "{C3F5292A-C50C-44F1-A953-B022233E89EB}"
EndProject
Global
	GlobalSection(SolutionConfigurationPlatforms) = preSolution
		Debug|Any CPU = Debug|Any CPU
		Release|Any CPU = Release|Any CPU
	EndGlobalSection
	GlobalSection(ProjectConfigurationPlatforms) = postSolution
		{C3F5292A-C50C-44F1-A953-B022233E89EB}.Debug|Any CPU.ActiveCfg = Debug|Any CPU
		{C3F5292A-C50C-44F1-A953-B022233E89EB}.Debug|Any CPU.Build.0 = Debug|Any CPU
		{C3F5292A-C50C-44F1-A953-B022233E89EB}.Release|Any CPU.ActiveCfg = Release|Any CPU
		{C3F5292A-C50C-44F1-A953-B022233E89EB}.Release|Any CPU.Build.0 = Release|Any CPU
	EndGlobalSection
	GlobalSection(SolutionProperties) = preSolution
		HideSolutionNode = FALSE
	EndGlobalSection
	GlobalSection(ExtensibilityGlobals) = postSolution
		SolutionGuid = {E4B0828F-83E1-4A47-8A00-1A2771B18DAC}
	EndGlobalSection
EndGlobal
